// !$*UTF8*$!
{
	archiveVersion = 1;
	classes = {
	};
	objectVersion = 77;
	objects = {

/* Begin PBXContainerItemProxy section */
		BF15FD602E86C53A003893C0 /* PBXContainerItemProxy */ = {
			isa = PBXContainerItemProxy;
			containerPortal = BF15FD4A2E86C538003893C0 /* Project object */;
			proxyType = 1;
			remoteGlobalIDString = BF15FD512E86C538003893C0;
			remoteInfo = "Food safety inspector test";
		};
		BF15FD6A2E86C53A003893C0 /* PBXContainerItemProxy */ = {
			isa = PBXContainerItemProxy;
			containerPortal = BF15FD4A2E86C538003893C0 /* Project object */;
			proxyType = 1;
			remoteGlobalIDString = BF15FD512E86C538003893C0;
			remoteInfo = "Food safety inspector test";
		};
/* End PBXContainerItemProxy section */

/* Begin PBXFileReference section */
		BF15FD522E86C538003893C0 /* Food safety inspector test.app */ = {isa = PBXFileReference; explicitFileType = wrapper.application; includeInIndex = 0; path = "Food safety inspector test.app"; sourceTree = BUILT_PRODUCTS_DIR; };
		BF15FD5F2E86C53A003893C0 /* Food safety inspector testTests.xctest */ = {isa = PBXFileReference; explicitFileType = wrapper.cfbundle; includeInIndex = 0; path = "Food safety inspector testTests.xctest"; sourceTree = BUILT_PRODUCTS_DIR; };
		BF15FD692E86C53A003893C0 /* Food safety inspector testUITests.xctest */ = {isa = PBXFileReference; explicitFileType = wrapper.cfbundle; includeInIndex = 0; path = "Food safety inspector testUITests.xctest"; sourceTree = BUILT_PRODUCTS_DIR; };
/* End PBXFileReference section */

/* Begin PBXFileSystemSynchronizedRootGroup section */
		BF15FD542E86C538003893C0 /* Food safety inspector test */ = {
			isa = PBXFileSystemSynchronizedRootGroup;
			path = "Food safety inspector test";
			sourceTree = "<group>";
		};
		BF15FD622E86C53A003893C0 /* Food safety inspector testTests */ = {
			isa = PBXFileSystemSynchronizedRootGroup;
			path = "Food safety inspector testTests";
			sourceTree = "<group>";
		};
		BF15FD6C2E86C53A003893C0 /* Food safety inspector testUITests */ = {
			isa = PBXFileSystemSynchronizedRootGroup;
			path = "Food safety inspector testUITests";
			sourceTree = "<group>";
		};
/* End PBXFileSystemSynchronizedRootGroup section */

/* Begin PBXFrameworksBuildPhase section */
		BF15FD4F2E86C538003893C0 /* Frameworks */ = {
			isa = PBXFrameworksBuildPhase;
			buildActionMask = 2147483647;
			files = (
			);
			runOnlyForDeploymentPostprocessing = 0;
		};
		BF15FD5C2E86C53A003893C0 /* Frameworks */ = {
			isa = PBXFrameworksBuildPhase;
			buildActionMask = 2147483647;
			files = (
			);
			runOnlyForDeploymentPostprocessing = 0;
		};
		BF15FD662E86C53A003893C0 /* Frameworks */ = {
			isa = PBXFrameworksBuildPhase;
			buildActionMask = 2147483647;
			files = (
			);
			runOnlyForDeploymentPostprocessing = 0;
		};
/* End PBXFrameworksBuildPhase section */

/* Begin PBXGroup section */
		BF15FD492E86C538003893C0 = {
			isa = PBXGroup;
			children = (
				BF15FD542E86C538003893C0 /* Food safety inspector test */,
				BF15FD622E86C53A003893C0 /* Food safety inspector testTests */,
				BF15FD6C2E86C53A003893C0 /* Food safety inspector testUITests */,
				BF15FD532E86C538003893C0 /* Products */,
			);
			sourceTree = "<group>";
		};
		BF15FD532E86C538003893C0 /* Products */ = {
			isa = PBXGroup;
			children = (
				BF15FD522E86C538003893C0 /* Food safety inspector test.app */,
				BF15FD5F2E86C53A003893C0 /* Food safety inspector testTests.xctest */,
				BF15FD692E86C53A003893C0 /* Food safety inspector testUITests.xctest */,
			);
			name = Products;
			sourceTree = "<group>";
		};
/* End PBXGroup section */

/* Begin PBXNativeTarget section */
		BF15FD512E86C538003893C0 /* Food safety inspector test */ = {
			isa = PBXNativeTarget;
			buildConfigurationList = BF15FD732E86C53A003893C0 /* Build configuration list for PBXNativeTarget "Food safety inspector test" */;
			buildPhases = (
				BF15FD4E2E86C538003893C0 /* Sources */,
				BF15FD4F2E86C538003893C0 /* Frameworks */,
				BF15FD502E86C538003893C0 /* Resources */,
			);
			buildRules = (
			);
			dependencies = (
			);
			fileSystemSynchronizedGroups = (
				BF15FD542E86C538003893C0 /* Food safety inspector test */,
			);
			name = "Food safety inspector test";
			packageProductDependencies = (
			);
			productName = "Food safety inspector test";
			productReference = BF15FD522E86C538003893C0 /* Food safety inspector test.app */;
			productType = "com.apple.product-type.application";
		};
		BF15FD5E2E86C53A003893C0 /* Food safety inspector testTests */ = {
			isa = PBXNativeTarget;
			buildConfigurationList = BF15FD762E86C53A003893C0 /* Build configuration list for PBXNativeTarget "Food safety inspector testTests" */;
			buildPhases = (
				BF15FD5B2E86C53A003893C0 /* Sources */,
				BF15FD5C2E86C53A003893C0 /* Frameworks */,
				BF15FD5D2E86C53A003893C0 /* Resources */,
			);
			buildRules = (
			);
			dependencies = (
				BF15FD612E86C53A003893C0 /* PBXTargetDependency */,
			);
			fileSystemSynchronizedGroups = (
				BF15FD622E86C53A003893C0 /* Food safety inspector testTests */,
			);
			name = "Food safety inspector testTests";
			packageProductDependencies = (
			);
			productName = "Food safety inspector testTests";
			productReference = BF15FD5F2E86C53A003893C0 /* Food safety inspector testTests.xctest */;
			productType = "com.apple.product-type.bundle.unit-test";
		};
		BF15FD682E86C53A003893C0 /* Food safety inspector testUITests */ = {
			isa = PBXNativeTarget;
			buildConfigurationList = BF15FD792E86C53A003893C0 /* Build configuration list for PBXNativeTarget "Food safety inspector testUITests" */;
			buildPhases = (
				BF15FD652E86C53A003893C0 /* Sources */,
				BF15FD662E86C53A003893C0 /* Frameworks */,
				BF15FD672E86C53A003893C0 /* Resources */,
			);
			buildRules = (
			);
			dependencies = (
				BF15FD6B2E86C53A003893C0 /* PBXTargetDependency */,
			);
			fileSystemSynchronizedGroups = (
				BF15FD6C2E86C53A003893C0 /* Food safety inspector testUITests */,
			);
			name = "Food safety inspector testUITests";
			packageProductDependencies = (
			);
			productName = "Food safety inspector testUITests";
			productReference = BF15FD692E86C53A003893C0 /* Food safety inspector testUITests.xctest */;
			productType = "com.apple.product-type.bundle.ui-testing";
		};
/* End PBXNativeTarget section */

/* Begin PBXProject section */
		BF15FD4A2E86C538003893C0 /* Project object */ = {
			isa = PBXProject;
			attributes = {
				BuildIndependentTargetsInParallel = 1;
				LastSwiftUpdateCheck = 1630;
				LastUpgradeCheck = 1630;
				TargetAttributes = {
					BF15FD512E86C538003893C0 = {
						CreatedOnToolsVersion = 16.3;
					};
					BF15FD5E2E86C53A003893C0 = {
						CreatedOnToolsVersion = 16.3;
						TestTargetID = BF15FD512E86C538003893C0;
					};
					BF15FD682E86C53A003893C0 = {
						CreatedOnToolsVersion = 16.3;
						TestTargetID = BF15FD512E86C538003893C0;
					};
				};
			};
			buildConfigurationList = BF15FD4D2E86C538003893C0 /* Build configuration list for PBXProject "Food safety inspector test" */;
			developmentRegion = en;
			hasScannedForEncodings = 0;
			knownRegions = (
				en,
				Base,
			);
			mainGroup = BF15FD492E86C538003893C0;
			minimizedProjectReferenceProxies = 1;
			preferredProjectObjectVersion = 77;
			productRefGroup = BF15FD532E86C538003893C0 /* Products */;
			projectDirPath = "";
			projectRoot = "";
			targets = (
				BF15FD512E86C538003893C0 /* Food safety inspector test */,
				BF15FD5E2E86C53A003893C0 /* Food safety inspector testTests */,
				BF15FD682E86C53A003893C0 /* Food safety inspector testUITests */,
			);
		};
/* End PBXProject section */

/* Begin PBXResourcesBuildPhase section */
		BF15FD502E86C538003893C0 /* Resources */ = {
			isa = PBXResourcesBuildPhase;
			buildActionMask = 2147483647;
			files = (
			);
			runOnlyForDeploymentPostprocessing = 0;
		};
		BF15FD5D2E86C53A003893C0 /* Resources */ = {
			isa = PBXResourcesBuildPhase;
			buildActionMask = 2147483647;
			files = (
			);
			runOnlyForDeploymentPostprocessing = 0;
		};
		BF15FD672E86C53A003893C0 /* Resources */ = {
			isa = PBXResourcesBuildPhase;
			buildActionMask = 2147483647;
			files = (
			);
			runOnlyForDeploymentPostprocessing = 0;
		};
/* End PBXResourcesBuildPhase section */

/* Begin PBXSourcesBuildPhase section */
		BF15FD4E2E86C538003893C0 /* Sources */ = {
			isa = PBXSourcesBuildPhase;
			buildActionMask = 2147483647;
			files = (
			);
			runOnlyForDeploymentPostprocessing = 0;
		};
		BF15FD5B2E86C53A003893C0 /* Sources */ = {
			isa = PBXSourcesBuildPhase;
			buildActionMask = 2147483647;
			files = (
			);
			runOnlyForDeploymentPostprocessing = 0;
		};
		BF15FD652E86C53A003893C0 /* Sources */ = {
			isa = PBXSourcesBuildPhase;
			buildActionMask = 2147483647;
			files = (
			);
			runOnlyForDeploymentPostprocessing = 0;
		};
/* End PBXSourcesBuildPhase section */

/* Begin PBXTargetDependency section */
		BF15FD612E86C53A003893C0 /* PBXTargetDependency */ = {
			isa = PBXTargetDependency;
			target = BF15FD512E86C538003893C0 /* Food safety inspector test */;
			targetProxy = BF15FD602E86C53A003893C0 /* PBXContainerItemProxy */;
		};
		BF15FD6B2E86C53A003893C0 /* PBXTargetDependency */ = {
			isa = PBXTargetDependency;
			target = BF15FD512E86C538003893C0 /* Food safety inspector test */;
			targetProxy = BF15FD6A2E86C53A003893C0 /* PBXContainerItemProxy */;
		};
/* End PBXTargetDependency section */

/* Begin XCBuildConfiguration section */
		BF15FD712E86C53A003893C0 /* Debug */ = {
			isa = XCBuildConfiguration;
			buildSettings = {
				ALWAYS_SEARCH_USER_PATHS = NO;
				ASSETCATALOG_COMPILER_GENERATE_SWIFT_ASSET_SYMBOL_EXTENSIONS = YES;
				CLANG_ANALYZER_NONNULL = YES;
				CLANG_ANALYZER_NUMBER_OBJECT_CONVERSION = YES_AGGRESSIVE;
				CLANG_CXX_LANGUAGE_STANDARD = "gnu++20";
				CLANG_ENABLE_MODULES = YES;
				CLANG_ENABLE_OBJC_ARC = YES;
				CLANG_ENABLE_OBJC_WEAK = YES;
				CLANG_WARN_BLOCK_CAPTURE_AUTORELEASING = YES;
				CLANG_WARN_BOOL_CONVERSION = YES;
				CLANG_WARN_COMMA = YES;
				CLANG_WARN_CONSTANT_CONVERSION = YES;
				CLANG_WARN_DEPRECATED_OBJC_IMPLEMENTATIONS = YES;
				CLANG_WARN_DIRECT_OBJC_ISA_USAGE = YES_ERROR;
				CLANG_WARN_DOCUMENTATION_COMMENTS = YES;
				CLANG_WARN_EMPTY_BODY = YES;
				CLANG_WARN_ENUM_CONVERSION = YES;
				CLANG_WARN_INFINITE_RECURSION = YES;
				CLANG_WARN_INT_CONVERSION = YES;
				CLANG_WARN_NON_LITERAL_NULL_CONVERSION = YES;
				CLANG_WARN_OBJC_IMPLICIT_RETAIN_SELF = YES;
				CLANG_WARN_OBJC_LITERAL_CONVERSION = YES;
				CLANG_WARN_OBJC_ROOT_CLASS = YES_ERROR;
				CLANG_WARN_QUOTED_INCLUDE_IN_FRAMEWORK_HEADER = YES;
				CLANG_WARN_RANGE_LOOP_ANALYSIS = YES;
				CLANG_WARN_STRICT_PROTOTYPES = YES;
				CLANG_WARN_SUSPICIOUS_MOVE = YES;
				CLANG_WARN_UNGUARDED_AVAILABILITY = YES_AGGRESSIVE;
				CLANG_WARN_UNREACHABLE_CODE = YES;
				CLANG_WARN__DUPLICATE_METHOD_MATCH = YES;
				COPY_PHASE_STRIP = NO;
				DEBUG_INFORMATION_FORMAT = dwarf;
				DEVELOPMENT_TEAM = 6GN7WQF69L;
				ENABLE_STRICT_OBJC_MSGSEND = YES;
				ENABLE_TESTABILITY = YES;
				ENABLE_USER_SCRIPT_SANDBOXING = YES;
				GCC_C_LANGUAGE_STANDARD = gnu17;
				GCC_DYNAMIC_NO_PIC = NO;
				GCC_NO_COMMON_BLOCKS = YES;
				GCC_OPTIMIZATION_LEVEL = 0;
				GCC_PREPROCESSOR_DEFINITIONS = (
					"DEBUG=1",
					"$(inherited)",
				);
				GCC_WARN_64_TO_32_BIT_CONVERSION = YES;
				GCC_WARN_ABOUT_RETURN_TYPE = YES_ERROR;
				GCC_WARN_UNDECLARED_SELECTOR = YES;
				GCC_WARN_UNINITIALIZED_AUTOS = YES_AGGRESSIVE;
				GCC_WARN_UNUSED_FUNCTION = YES;
				GCC_WARN_UNUSED_VARIABLE = YES;
				IPHONEOS_DEPLOYMENT_TARGET = 18.4;
				LOCALIZATION_PREFERS_STRING_CATALOGS = YES;
				MTL_ENABLE_DEBUG_INFO = INCLUDE_SOURCE;
				MTL_FAST_MATH = YES;
				ONLY_ACTIVE_ARCH = YES;
				SDKROOT = iphoneos;
				SWIFT_ACTIVE_COMPILATION_CONDITIONS = "DEBUG $(inherited)";
				SWIFT_OPTIMIZATION_LEVEL = "-Onone";
			};
			name = Debug;
		};
		BF15FD722E86C53A003893C0 /* Release */ = {
			isa = XCBuildConfiguration;
			buildSettings = {
				ALWAYS_SEARCH_USER_PATHS = NO;
				ASSETCATALOG_COMPILER_GENERATE_SWIFT_ASSET_SYMBOL_EXTENSIONS = YES;
				CLANG_ANALYZER_NONNULL = YES;
				CLANG_ANALYZER_NUMBER_OBJECT_CONVERSION = YES_AGGRESSIVE;
				CLANG_CXX_LANGUAGE_STANDARD = "gnu++20";
				CLANG_ENABLE_MODULES = YES;
				CLANG_ENABLE_OBJC_ARC = YES;
				CLANG_ENABLE_OBJC_WEAK = YES;
				CLANG_WARN_BLOCK_CAPTURE_AUTORELEASING = YES;
				CLANG_WARN_BOOL_CONVERSION = YES;
				CLANG_WARN_COMMA = YES;
				CLANG_WARN_CONSTANT_CONVERSION = YES;
				CLANG_WARN_DEPRECATED_OBJC_IMPLEMENTATIONS = YES;
				CLANG_WARN_DIRECT_OBJC_ISA_USAGE = YES_ERROR;
				CLANG_WARN_DOCUMENTATION_COMMENTS = YES;
				CLANG_WARN_EMPTY_BODY = YES;
				CLANG_WARN_ENUM_CONVERSION = YES;
				CLANG_WARN_INFINITE_RECURSION = YES;
				CLANG_WARN_INT_CONVERSION = YES;
				CLANG_WARN_NON_LITERAL_NULL_CONVERSION = YES;
				CLANG_WARN_OBJC_IMPLICIT_RETAIN_SELF = YES;
				CLANG_WARN_OBJC_LITERAL_CONVERSION = YES;
				CLANG_WARN_OBJC_ROOT_CLASS = YES_ERROR;
				CLANG_WARN_QUOTED_INCLUDE_IN_FRAMEWORK_HEADER = YES;
				CLANG_WARN_RANGE_LOOP_ANALYSIS = YES;
				CLANG_WARN_STRICT_PROTOTYPES = YES;
				CLANG_WARN_SUSPICIOUS_MOVE = YES;
				CLANG_WARN_UNGUARDED_AVAILABILITY = YES_AGGRESSIVE;
				CLANG_WARN_UNREACHABLE_CODE = YES;
				CLANG_WARN__DUPLICATE_METHOD_MATCH = YES;
				COPY_PHASE_STRIP = NO;
				DEBUG_INFORMATION_FORMAT = "dwarf-with-dsym";
				DEVELOPMENT_TEAM = 6GN7WQF69L;
				ENABLE_NS_ASSERTIONS = NO;
				ENABLE_STRICT_OBJC_MSGSEND = YES;
				ENABLE_USER_SCRIPT_SANDBOXING = YES;
				GCC_C_LANGUAGE_STANDARD = gnu17;
				GCC_NO_COMMON_BLOCKS = YES;
				GCC_WARN_64_TO_32_BIT_CONVERSION = YES;
				GCC_WARN_ABOUT_RETURN_TYPE = YES_ERROR;
				GCC_WARN_UNDECLARED_SELECTOR = YES;
				GCC_WARN_UNINITIALIZED_AUTOS = YES_AGGRESSIVE;
				GCC_WARN_UNUSED_FUNCTION = YES;
				GCC_WARN_UNUSED_VARIABLE = YES;
				IPHONEOS_DEPLOYMENT_TARGET = 18.4;
				LOCALIZATION_PREFERS_STRING_CATALOGS = YES;
				MTL_ENABLE_DEBUG_INFO = NO;
				MTL_FAST_MATH = YES;
				SDKROOT = iphoneos;
				SWIFT_COMPILATION_MODE = wholemodule;
				VALIDATE_PRODUCT = YES;
			};
			name = Release;
		};
		BF15FD742E86C53A003893C0 /* Debug */ = {
			isa = XCBuildConfiguration;
			buildSettings = {
				ASSETCATALOG_COMPILER_APPICON_NAME = AppIcon;
				ASSETCATALOG_COMPILER_GLOBAL_ACCENT_COLOR_NAME = AccentColor;
				CODE_SIGN_STYLE = Automatic;
				CURRENT_PROJECT_VERSION = 1;
				DEVELOPMENT_TEAM = 6GN7WQF69L;
				ENABLE_PREVIEWS = YES;
				GENERATE_INFOPLIST_FILE = YES;
				INFOPLIST_KEY_UIApplicationSceneManifest_Generation = YES;
				INFOPLIST_KEY_UIApplicationSupportsIndirectInputEvents = YES;
				INFOPLIST_KEY_UILaunchScreen_Generation = YES;
				INFOPLIST_KEY_UISupportedInterfaceOrientations_iPad = "UIInterfaceOrientationPortrait UIInterfaceOrientationPortraitUpsideDown UIInterfaceOrientationLandscapeLeft UIInterfaceOrientationLandscapeRight";
				INFOPLIST_KEY_UISupportedInterfaceOrientations_iPhone = "UIInterfaceOrientationPortrait UIInterfaceOrientationLandscapeLeft UIInterfaceOrientationLandscapeRight";
				LD_RUNPATH_SEARCH_PATHS = (
					"$(inherited)",
					"@executable_path/Frameworks",
				);
				MARKETING_VERSION = 1.0;
				PRODUCT_BUNDLE_IDENTIFIER = "florian.Food-safety-inspector-test";
				PRODUCT_NAME = "$(TARGET_NAME)";
				SWIFT_EMIT_LOC_STRINGS = YES;
				SWIFT_VERSION = 5.0;
				TARGETED_DEVICE_FAMILY = "1,2";
			};
			name = Debug;
		};
		BF15FD752E86C53A003893C0 /* Release */ = {
			isa = XCBuildConfiguration;
			buildSettings = {
				ASSETCATALOG_COMPILER_APPICON_NAME = AppIcon;
				ASSETCATALOG_COMPILER_GLOBAL_ACCENT_COLOR_NAME = AccentColor;
				CODE_SIGN_STYLE = Automatic;
				CURRENT_PROJECT_VERSION = 1;
				DEVELOPMENT_TEAM = 6GN7WQF69L;
				ENABLE_PREVIEWS = YES;
				GENERATE_INFOPLIST_FILE = YES;
				INFOPLIST_KEY_UIApplicationSceneManifest_Generation = YES;
				INFOPLIST_KEY_UIApplicationSupportsIndirectInputEvents = YES;
				INFOPLIST_KEY_UILaunchScreen_Generation = YES;
				INFOPLIST_KEY_UISupportedInterfaceOrientations_iPad = "UIInterfaceOrientationPortrait UIInterfaceOrientationPortraitUpsideDown UIInterfaceOrientationLandscapeLeft UIInterfaceOrientationLandscapeRight";
				INFOPLIST_KEY_UISupportedInterfaceOrientations_iPhone = "UIInterfaceOrientationPortrait UIInterfaceOrientationLandscapeLeft UIInterfaceOrientationLandscapeRight";
				LD_RUNPATH_SEARCH_PATHS = (
					"$(inherited)",
					"@executable_path/Frameworks",
				);
				MARKETING_VERSION = 1.0;
				PRODUCT_BUNDLE_IDENTIFIER = "florian.Food-safety-inspector-test";
				PRODUCT_NAME = "$(TARGET_NAME)";
				SWIFT_EMIT_LOC_STRINGS = YES;
				SWIFT_VERSION = 5.0;
				TARGETED_DEVICE_FAMILY = "1,2";
			};
			name = Release;
		};
		BF15FD772E86C53A003893C0 /* Debug */ = {
			isa = XCBuildConfiguration;
			buildSettings = {
				BUNDLE_LOADER = "$(TEST_HOST)";
				CODE_SIGN_STYLE = Automatic;
				CURRENT_PROJECT_VERSION = 1;
				DEVELOPMENT_TEAM = 6GN7WQF69L;
				GENERATE_INFOPLIST_FILE = YES;
				IPHONEOS_DEPLOYMENT_TARGET = 18.4;
				MARKETING_VERSION = 1.0;
				PRODUCT_BUNDLE_IDENTIFIER = "florian.Food-safety-inspector-testTests";
				PRODUCT_NAME = "$(TARGET_NAME)";
				SWIFT_EMIT_LOC_STRINGS = NO;
				SWIFT_VERSION = 5.0;
				TARGETED_DEVICE_FAMILY = "1,2";
				TEST_HOST = "$(BUILT_PRODUCTS_DIR)/Food safety inspector test.app/$(BUNDLE_EXECUTABLE_FOLDER_PATH)/Food safety inspector test";
			};
			name = Debug;
		};
		BF15FD782E86C53A003893C0 /* Release */ = {
			isa = XCBuildConfiguration;
			buildSettings = {
				BUNDLE_LOADER = "$(TEST_HOST)";
				CODE_SIGN_STYLE = Automatic;
				CURRENT_PROJECT_VERSION = 1;
				DEVELOPMENT_TEAM = 6GN7WQF69L;
				GENERATE_INFOPLIST_FILE = YES;
				IPHONEOS_DEPLOYMENT_TARGET = 18.4;
				MARKETING_VERSION = 1.0;
				PRODUCT_BUNDLE_IDENTIFIER = "florian.Food-safety-inspector-testTests";
				PRODUCT_NAME = "$(TARGET_NAME)";
				SWIFT_EMIT_LOC_STRINGS = NO;
				SWIFT_VERSION = 5.0;
				TARGETED_DEVICE_FAMILY = "1,2";
				TEST_HOST = "$(BUILT_PRODUCTS_DIR)/Food safety inspector test.app/$(BUNDLE_EXECUTABLE_FOLDER_PATH)/Food safety inspector test";
			};
			name = Release;
		};
		BF15FD7A2E86C53A003893C0 /* Debug */ = {
			isa = XCBuildConfiguration;
			buildSettings = {
				CODE_SIGN_STYLE = Automatic;
				CURRENT_PROJECT_VERSION = 1;
				DEVELOPMENT_TEAM = 6GN7WQF69L;
				GENERATE_INFOPLIST_FILE = YES;
				MARKETING_VERSION = 1.0;
				PRODUCT_BUNDLE_IDENTIFIER = "florian.Food-safety-inspector-testUITests";
				PRODUCT_NAME = "$(TARGET_NAME)";
				SWIFT_EMIT_LOC_STRINGS = NO;
				SWIFT_VERSION = 5.0;
				TARGETED_DEVICE_FAMILY = "1,2";
				TEST_TARGET_NAME = "Food safety inspector test";
			};
			name = Debug;
		};
		BF15FD7B2E86C53A003893C0 /* Release */ = {
			isa = XCBuildConfiguration;
			buildSettings = {
				CODE_SIGN_STYLE = Automatic;
				CURRENT_PROJECT_VERSION = 1;
				DEVELOPMENT_TEAM = 6GN7WQF69L;
				GENERATE_INFOPLIST_FILE = YES;
				MARKETING_VERSION = 1.0;
				PRODUCT_BUNDLE_IDENTIFIER = "florian.Food-safety-inspector-testUITests";
				PRODUCT_NAME = "$(TARGET_NAME)";
				SWIFT_EMIT_LOC_STRINGS = NO;
				SWIFT_VERSION = 5.0;
				TARGETED_DEVICE_FAMILY = "1,2";
				TEST_TARGET_NAME = "Food safety inspector test";
			};
			name = Release;
		};
/* End XCBuildConfiguration section */

/* Begin XCConfigurationList section */
		BF15FD4D2E86C538003893C0 /* Build configuration list for PBXProject "Food safety inspector test" */ = {
			isa = XCConfigurationList;
			buildConfigurations = (
				BF15FD712E86C53A003893C0 /* Debug */,
				BF15FD722E86C53A003893C0 /* Release */,
			);
			defaultConfigurationIsVisible = 0;
			defaultConfigurationName = Release;
		};
		BF15FD732E86C53A003893C0 /* Build configuration list for PBXNativeTarget "Food safety inspector test" */ = {
			isa = XCConfigurationList;
			buildConfigurations = (
				BF15FD742E86C53A003893C0 /* Debug */,
				BF15FD752E86C53A003893C0 /* Release */,
			);
			defaultConfigurationIsVisible = 0;
			defaultConfigurationName = Release;
		};
		BF15FD762E86C53A003893C0 /* Build configuration list for PBXNativeTarget "Food safety inspector testTests" */ = {
			isa = XCConfigurationList;
			buildConfigurations = (
				BF15FD772E86C53A003893C0 /* Debug */,
				BF15FD782E86C53A003893C0 /* Release */,
			);
			defaultConfigurationIsVisible = 0;
			defaultConfigurationName = Release;
		};
		BF15FD792E86C53A003893C0 /* Build configuration list for PBXNativeTarget "Food safety inspector testUITests" */ = {
			isa = XCConfigurationList;
			buildConfigurations = (
				BF15FD7A2E86C53A003893C0 /* Debug */,
				BF15FD7B2E86C53A003893C0 /* Release */,
			);
			defaultConfigurationIsVisible = 0;
			defaultConfigurationName = Release;
		};
/* End XCConfigurationList section */
	};
	rootObject = BF15FD4A2E86C538003893C0 /* Project object */;
}
